
Microsoft Visual Studio Solution File, Format Version 12.00
# Visual Studio Version 17
VisualStudioVersion = 17.0.32014.148
MinimumVisualStudioVersion = 10.0.40219.1
Project("{FAE04EC0-301F-11D3-BF4B-00C04F79EFBC}") = "Atividade_1_3ETAPA", "Atividade_1_3ETAPA\Atividade_1_3ETAPA.csproj", "{CD1D8B61-2E71-4E7B-88D2-38359DEE55AB}"
EndProject
Global
	GlobalSection(SolutionConfigurationPlatforms) = preSolution
		Debug|Any CPU = Debug|Any CPU
		Release|Any CPU = Release|Any CPU
	EndGlobalSection
	GlobalSection(ProjectConfigurationPlatforms) = postSolution
		{CD1D8B61-2E71-4E7B-88D2-38359DEE55AB}.Debug|Any CPU.ActiveCfg = Debug|Any CPU
		{CD1D8B61-2E71-4E7B-88D2-38359DEE55AB}.Debug|Any CPU.Build.0 = Debug|Any CPU
		{CD1D8B61-2E71-4E7B-88D2-38359DEE55AB}.Release|Any CPU.ActiveCfg = Release|Any CPU
		{CD1D8B61-2E71-4E7B-88D2-38359DEE55AB}.Release|Any CPU.Build.0 = Release|Any CPU
	EndGlobalSection
	GlobalSection(SolutionProperties) = preSolution
		HideSolutionNode = FALSE
	EndGlobalSection
	GlobalSection(ExtensibilityGlobals) = postSolution
		SolutionGuid = {23D581BE-349A-4B4B-9D7F-19D2C0CD3DD7}
	EndGlobalSection
EndGlobal
